# This file is automatically @generated by Poetry 1.8.3 and should not be changed by hand.

[[package]]
name = "brain-games"
version = "0.5.1"
description = "first of four training projects"
optional = false
python-versions = ">=3.8,<4.0"
files = [
    {file = "brain_games-0.5.1-py3-none-any.whl", hash = "sha256:8f16e2dc18695635c4f3da38a05ff142b74c5a6a01dc6bfe1e9f85408da3d7ae"},
    {file = "brain_games-0.5.1.tar.gz", hash = "sha256:35758cd6415c777d21301e1fd7290d15e1e5a4e38a60008d2c432a0257b8c203"},
]

[package.dependencies]
prompt = ">=0.4.1,<0.5.0"
pyprimer = ">=0.1.0,<0.2.0"

[[package]]
name = "flake8"
version = "7.0.0"
description = "the modular source code checker: pep8 pyflakes and co"
optional = false
python-versions = ">=3.8.1"
files = [
    {file = "flake8-7.0.0-py2.py3-none-any.whl", hash = "sha256:a6dfbb75e03252917f2473ea9653f7cd799c3064e54d4c8140044c5c065f53c3"},
    {file = "flake8-7.0.0.tar.gz", hash = "sha256:33f96621059e65eec474169085dc92bf26e7b2d47366b70be2f67ab80dc25132"},
]

[package.dependencies]
mccabe = ">=0.7.0,<0.8.0"
pycodestyle = ">=2.11.0,<2.12.0"
pyflakes = ">=3.2.0,<3.3.0"

[[package]]
name = "mccabe"
version = "0.7.0"
description = "McCabe checker, plugin for flake8"
optional = false
python-versions = ">=3.6"
files = [
    {file = "mccabe-0.7.0-py2.py3-none-any.whl", hash = "sha256:6c2d30ab6be0e4a46919781807b4f0d834ebdd6c6e3dca0bda5a15f863427b6e"},
    {file = "mccabe-0.7.0.tar.gz", hash = "sha256:348e0240c33b60bbdf4e523192ef919f28cb2c3d7d5c7794f74009290f236325"},
]

[[package]]
name = "prompt"
version = "0.4.1"
description = "Library for prompting input on the command line."
optional = false
python-versions = ">=3.3"
files = [
    {file = "prompt-0.4.1-py3-none-any.whl", hash = "sha256:98527de8dc3f0aa29669a39fbffeaf578ba6654dc836f737b6a5c6f9279002b7"},
    {file = "prompt-0.4.1.tar.gz", hash = "sha256:8a7694b88f8c65188a983315e72582bf42fcc251b97042be1d2a2ad1aa0ebe0e"},
]

[[package]]
name = "pycodestyle"
version = "2.11.1"
description = "Python style guide checker"
optional = false
python-versions = ">=3.8"
files = [
    {file = "pycodestyle-2.11.1-py2.py3-none-any.whl", hash = "sha256:44fe31000b2d866f2e41841b18528a505fbd7fef9017b04eff4e2648a0fadc67"},
    {file = "pycodestyle-2.11.1.tar.gz", hash = "sha256:41ba0e7afc9752dfb53ced5489e89f8186be00e599e712660695b7a75ff2663f"},
]

[[package]]
name = "pyflakes"
version = "3.2.0"
description = "passive checker of Python programs"
optional = false
python-versions = ">=3.8"
files = [
    {file = "pyflakes-3.2.0-py2.py3-none-any.whl", hash = "sha256:84b5be138a2dfbb40689ca07e2152deb896a65c3a3e24c251c5c62489568074a"},
    {file = "pyflakes-3.2.0.tar.gz", hash = "sha256:1c61603ff154621fb2a9172037d84dca3500def8c8b630657d1701f026f8af3f"},
]

[[package]]
name = "pyprimer"
version = "0.1.0"
description = "A simple collection of prime number related functions."
optional = false
python-versions = ">=3.6"
files = [
    {file = "pyprimer-0.1.0-py3-none-any.whl", hash = "sha256:81bbd8d36b04d944d5d3f50a3cbf30e2596f8fdc834d1e18d882c4aba443b52a"},
    {file = "pyprimer-0.1.0.tar.gz", hash = "sha256:865d9cf6de71f13cfb8c971150b0d9ea82d783b70eb146f43afce8ec51070d7b"},
]

[metadata]
lock-version = "2.0"
python-versions = "^3.10"
content-hash = "777fdb498da96c6c3af0732e617e46c4e94115d671b0d9302183f759704ba88d"
